
Microsoft Visual Studio Solution File, Format Version 12.00
# Visual Studio Version 17
VisualStudioVersion = 17.8.34511.84
MinimumVisualStudioVersion = 10.0.40219.1
Project("{9A19103F-16F7-4668-BE54-9A1E7A4F7556}") = "TCC", "TCC\TCC.csproj", "{FA6D6736-A905-4926-83E1-A01BF31F6A4D}"
EndProject
Project("{9A19103F-16F7-4668-BE54-9A1E7A4F7556}") = "CrossCutting", "CrossCutting\CrossCutting.csproj", "{77FF0D66-174D-48CB-9B0F-316241F19B6C}"
EndProject
Project("{9A19103F-16F7-4668-BE54-9A1E7A4F7556}") = "Domain", "Domain\Domain.csproj", "{15F7DE49-F89C-4EE9-9C2A-D745D381BDEF}"
EndProject
Project("{FAE04EC0-301F-11D3-BF4B-00C04F79EFBC}") = "Infrastructure", "Infrastructure\Infrastructure.csproj", "{AFE97930-F266-4A17-856A-D97D9071D1FE}"
EndProject
Project("{FAE04EC0-301F-11D3-BF4B-00C04F79EFBC}") = "BusinessRule", "BusinessRule\BusinessRule.csproj", "{C4BAE242-4C6E-443B-9584-0F5A862E35EA}"
EndProject
Global
	GlobalSection(SolutionConfigurationPlatforms) = preSolution
		Debug|Any CPU = Debug|Any CPU
		Release|Any CPU = Release|Any CPU
	EndGlobalSection
	GlobalSection(ProjectConfigurationPlatforms) = postSolution
		{FA6D6736-A905-4926-83E1-A01BF31F6A4D}.Debug|Any CPU.ActiveCfg = Debug|Any CPU
		{FA6D6736-A905-4926-83E1-A01BF31F6A4D}.Debug|Any CPU.Build.0 = Debug|Any CPU
		{FA6D6736-A905-4926-83E1-A01BF31F6A4D}.Release|Any CPU.ActiveCfg = Release|Any CPU
		{FA6D6736-A905-4926-83E1-A01BF31F6A4D}.Release|Any CPU.Build.0 = Release|Any CPU
		{77FF0D66-174D-48CB-9B0F-316241F19B6C}.Debug|Any CPU.ActiveCfg = Debug|Any CPU
		{77FF0D66-174D-48CB-9B0F-316241F19B6C}.Debug|Any CPU.Build.0 = Debug|Any CPU
		{77FF0D66-174D-48CB-9B0F-316241F19B6C}.Release|Any CPU.ActiveCfg = Release|Any CPU
		{77FF0D66-174D-48CB-9B0F-316241F19B6C}.Release|Any CPU.Build.0 = Release|Any CPU
		{15F7DE49-F89C-4EE9-9C2A-D745D381BDEF}.Debug|Any CPU.ActiveCfg = Debug|Any CPU
		{15F7DE49-F89C-4EE9-9C2A-D745D381BDEF}.Debug|Any CPU.Build.0 = Debug|Any CPU
		{15F7DE49-F89C-4EE9-9C2A-D745D381BDEF}.Release|Any CPU.ActiveCfg = Release|Any CPU
		{15F7DE49-F89C-4EE9-9C2A-D745D381BDEF}.Release|Any CPU.Build.0 = Release|Any CPU
		{AFE97930-F266-4A17-856A-D97D9071D1FE}.Debug|Any CPU.ActiveCfg = Debug|Any CPU
		{AFE97930-F266-4A17-856A-D97D9071D1FE}.Debug|Any CPU.Build.0 = Debug|Any CPU
		{AFE97930-F266-4A17-856A-D97D9071D1FE}.Release|Any CPU.ActiveCfg = Release|Any CPU
		{AFE97930-F266-4A17-856A-D97D9071D1FE}.Release|Any CPU.Build.0 = Release|Any CPU
		{C4BAE242-4C6E-443B-9584-0F5A862E35EA}.Debug|Any CPU.ActiveCfg = Debug|Any CPU
		{C4BAE242-4C6E-443B-9584-0F5A862E35EA}.Debug|Any CPU.Build.0 = Debug|Any CPU
		{C4BAE242-4C6E-443B-9584-0F5A862E35EA}.Release|Any CPU.ActiveCfg = Release|Any CPU
		{C4BAE242-4C6E-443B-9584-0F5A862E35EA}.Release|Any CPU.Build.0 = Release|Any CPU
	EndGlobalSection
	GlobalSection(SolutionProperties) = preSolution
		HideSolutionNode = FALSE
	EndGlobalSection
	GlobalSection(ExtensibilityGlobals) = postSolution
		SolutionGuid = {9ABE294F-6010-4633-ADF3-B6AB73CED22E}
	EndGlobalSection
EndGlobal
